
Microsoft Visual Studio Solution File, Format Version 12.00
# Visual Studio Version 17
VisualStudioVersion = 17.0.32112.339
MinimumVisualStudioVersion = 10.0.40219.1
Project("{8BC9CEB8-8B4A-11D0-8D11-00A0C91BC942}") = "LearnOpenGL202206", "LearnOpenGL202206.vcxproj", "{7B0D6634-F121-4A16-99EA-17BEDDCDC45D}"
EndProject
Project("{8BC9CEB8-8B4A-11D0-8D11-00A0C91BC942}") = "0510HelloWindows", "..\0510HelloWindows\0510HelloWindows.vcxproj", "{050C77BC-892C-453B-A2E3-9DB2A2823475}"
EndProject
Project("{8BC9CEB8-8B4A-11D0-8D11-00A0C91BC942}") = "HelloTriangle", "HelloTriangle\HelloTriangle.vcxproj", "{75ED8EB1-36E4-4DF8-BD45-6EF626DDB2D6}"
EndProject
Project("{8BC9CEB8-8B4A-11D0-8D11-00A0C91BC942}") = "072301HelloShader", "..\072301HelloShader\072301HelloShader.vcxproj", "{6314D2A3-7BBE-48B3-9287-B0CAAC784B93}"
EndProject
Project("{8BC9CEB8-8B4A-11D0-8D11-00A0C91BC942}") = "072302HelloTexture", "072302HelloTexture\072302HelloTexture.vcxproj", "{19C8E204-2AF2-43A3-B4C6-26F4B85F2FC3}"
EndProject
Project("{8BC9CEB8-8B4A-11D0-8D11-00A0C91BC942}") = "072401HelloTransform", "072401HelloTransform\072401HelloTransform.vcxproj", "{8C2DC03C-CB22-4E0F-A434-7306AE818D2C}"
EndProject
Project("{8BC9CEB8-8B4A-11D0-8D11-00A0C91BC942}") = "072402HelloCamera", "072402HelloCamera\072402HelloCamera.vcxproj", "{43365C4E-D9D3-4E6F-89BA-DE8E1AF3E139}"
EndProject
Project("{8BC9CEB8-8B4A-11D0-8D11-00A0C91BC942}") = "072403HelloLight", "072403HelloLight\072403HelloLight.vcxproj", "{1A81FFB5-8E5A-4E34-912D-DE5841A47C23}"
EndProject
Project("{8BC9CEB8-8B4A-11D0-8D11-00A0C91BC942}") = "072404HelloMultipleLights", "072404HelloMultipleLights\072404HelloMultipleLights.vcxproj", "{E55C475B-DAAF-4CE4-819A-3A75CFC7955B}"
EndProject
Project("{8BC9CEB8-8B4A-11D0-8D11-00A0C91BC942}") = "073001HelloModel", "073001HelloModel\073001HelloModel.vcxproj", "{A5F43D2C-EA6D-42BE-B732-D819CE535B05}"
EndProject
Project("{8BC9CEB8-8B4A-11D0-8D11-00A0C91BC942}") = "073002DepthTest", "073102DepthTest\073102DepthTest.vcxproj", "{CF09A696-92AC-434F-B45B-CDDD50BE6F30}"
EndProject
Project("{8BC9CEB8-8B4A-11D0-8D11-00A0C91BC942}") = "073101Framebuffers", "073101Framebuffers\073101Framebuffers.vcxproj", "{B301C5E3-D4DA-40B8-A4AA-2C180DF98626}"
EndProject
Project("{8BC9CEB8-8B4A-11D0-8D11-00A0C91BC942}") = "073102Cubemaps", "073102Cubemaps\073102Cubemaps.vcxproj", "{613246A0-D732-4D9E-9167-1A948638CF80}"
EndProject
Project("{8BC9CEB8-8B4A-11D0-8D11-00A0C91BC942}") = "080601AdvancedGLSL", "080601AdvancedGLSL\080601AdvancedGLSL.vcxproj", "{DD089915-571F-4EC3-B228-8499605E29B0}"
EndProject
Project("{8BC9CEB8-8B4A-11D0-8D11-00A0C91BC942}") = "080701GeometryShader", "080701GeometryShader\080701GeometryShader.vcxproj", "{5193A5DC-9766-4818-83FD-EF90DD0D641E}"
EndProject
Global
	GlobalSection(SolutionConfigurationPlatforms) = preSolution
		Debug|x64 = Debug|x64
		Debug|x86 = Debug|x86
		Release|x64 = Release|x64
		Release|x86 = Release|x86
	EndGlobalSection
	GlobalSection(ProjectConfigurationPlatforms) = postSolution
		{7B0D6634-F121-4A16-99EA-17BEDDCDC45D}.Debug|x64.ActiveCfg = Debug|x64
		{7B0D6634-F121-4A16-99EA-17BEDDCDC45D}.Debug|x64.Build.0 = Debug|x64
		{7B0D6634-F121-4A16-99EA-17BEDDCDC45D}.Debug|x86.ActiveCfg = Debug|Win32
		{7B0D6634-F121-4A16-99EA-17BEDDCDC45D}.Debug|x86.Build.0 = Debug|Win32
		{7B0D6634-F121-4A16-99EA-17BEDDCDC45D}.Release|x64.ActiveCfg = Release|x64
		{7B0D6634-F121-4A16-99EA-17BEDDCDC45D}.Release|x64.Build.0 = Release|x64
		{7B0D6634-F121-4A16-99EA-17BEDDCDC45D}.Release|x86.ActiveCfg = Release|Win32
		{7B0D6634-F121-4A16-99EA-17BEDDCDC45D}.Release|x86.Build.0 = Release|Win32
		{050C77BC-892C-453B-A2E3-9DB2A2823475}.Debug|x64.ActiveCfg = Debug|x64
		{050C77BC-892C-453B-A2E3-9DB2A2823475}.Debug|x64.Build.0 = Debug|x64
		{050C77BC-892C-453B-A2E3-9DB2A2823475}.Debug|x86.ActiveCfg = Debug|Win32
		{050C77BC-892C-453B-A2E3-9DB2A2823475}.Debug|x86.Build.0 = Debug|Win32
		{050C77BC-892C-453B-A2E3-9DB2A2823475}.Release|x64.ActiveCfg = Release|x64
		{050C77BC-892C-453B-A2E3-9DB2A2823475}.Release|x64.Build.0 = Release|x64
		{050C77BC-892C-453B-A2E3-9DB2A2823475}.Release|x86.ActiveCfg = Release|Win32
		{050C77BC-892C-453B-A2E3-9DB2A2823475}.Release|x86.Build.0 = Release|Win32
		{75ED8EB1-36E4-4DF8-BD45-6EF626DDB2D6}.Debug|x64.ActiveCfg = Debug|x64
		{75ED8EB1-36E4-4DF8-BD45-6EF626DDB2D6}.Debug|x64.Build.0 = Debug|x64
		{75ED8EB1-36E4-4DF8-BD45-6EF626DDB2D6}.Debug|x86.ActiveCfg = Debug|Win32
		{75ED8EB1-36E4-4DF8-BD45-6EF626DDB2D6}.Debug|x86.Build.0 = Debug|Win32
		{75ED8EB1-36E4-4DF8-BD45-6EF626DDB2D6}.Release|x64.ActiveCfg = Release|x64
		{75ED8EB1-36E4-4DF8-BD45-6EF626DDB2D6}.Release|x64.Build.0 = Release|x64
		{75ED8EB1-36E4-4DF8-BD45-6EF626DDB2D6}.Release|x86.ActiveCfg = Release|Win32
		{75ED8EB1-36E4-4DF8-BD45-6EF626DDB2D6}.Release|x86.Build.0 = Release|Win32
		{6314D2A3-7BBE-48B3-9287-B0CAAC784B93}.Debug|x64.ActiveCfg = Debug|x64
		{6314D2A3-7BBE-48B3-9287-B0CAAC784B93}.Debug|x64.Build.0 = Debug|x64
		{6314D2A3-7BBE-48B3-9287-B0CAAC784B93}.Debug|x86.ActiveCfg = Debug|Win32
		{6314D2A3-7BBE-48B3-9287-B0CAAC784B93}.Debug|x86.Build.0 = Debug|Win32
		{6314D2A3-7BBE-48B3-9287-B0CAAC784B93}.Release|x64.ActiveCfg = Release|x64
		{6314D2A3-7BBE-48B3-9287-B0CAAC784B93}.Release|x64.Build.0 = Release|x64
		{6314D2A3-7BBE-48B3-9287-B0CAAC784B93}.Release|x86.ActiveCfg = Release|Win32
		{6314D2A3-7BBE-48B3-9287-B0CAAC784B93}.Release|x86.Build.0 = Release|Win32
		{19C8E204-2AF2-43A3-B4C6-26F4B85F2FC3}.Debug|x64.ActiveCfg = Debug|x64
		{19C8E204-2AF2-43A3-B4C6-26F4B85F2FC3}.Debug|x64.Build.0 = Debug|x64
		{19C8E204-2AF2-43A3-B4C6-26F4B85F2FC3}.Debug|x86.ActiveCfg = Debug|Win32
		{19C8E204-2AF2-43A3-B4C6-26F4B85F2FC3}.Debug|x86.Build.0 = Debug|Win32
		{19C8E204-2AF2-43A3-B4C6-26F4B85F2FC3}.Release|x64.ActiveCfg = Release|x64
		{19C8E204-2AF2-43A3-B4C6-26F4B85F2FC3}.Release|x64.Build.0 = Release|x64
		{19C8E204-2AF2-43A3-B4C6-26F4B85F2FC3}.Release|x86.ActiveCfg = Release|Win32
		{19C8E204-2AF2-43A3-B4C6-26F4B85F2FC3}.Release|x86.Build.0 = Release|Win32
		{8C2DC03C-CB22-4E0F-A434-7306AE818D2C}.Debug|x64.ActiveCfg = Debug|x64
		{8C2DC03C-CB22-4E0F-A434-7306AE818D2C}.Debug|x64.Build.0 = Debug|x64
		{8C2DC03C-CB22-4E0F-A434-7306AE818D2C}.Debug|x86.ActiveCfg = Debug|Win32
		{8C2DC03C-CB22-4E0F-A434-7306AE818D2C}.Debug|x86.Build.0 = Debug|Win32
		{8C2DC03C-CB22-4E0F-A434-7306AE818D2C}.Release|x64.ActiveCfg = Release|x64
		{8C2DC03C-CB22-4E0F-A434-7306AE818D2C}.Release|x64.Build.0 = Release|x64
		{8C2DC03C-CB22-4E0F-A434-7306AE818D2C}.Release|x86.ActiveCfg = Release|Win32
		{8C2DC03C-CB22-4E0F-A434-7306AE818D2C}.Release|x86.Build.0 = Release|Win32
		{43365C4E-D9D3-4E6F-89BA-DE8E1AF3E139}.Debug|x64.ActiveCfg = Debug|x64
		{43365C4E-D9D3-4E6F-89BA-DE8E1AF3E139}.Debug|x64.Build.0 = Debug|x64
		{43365C4E-D9D3-4E6F-89BA-DE8E1AF3E139}.Debug|x86.ActiveCfg = Debug|Win32
		{43365C4E-D9D3-4E6F-89BA-DE8E1AF3E139}.Debug|x86.Build.0 = Debug|Win32
		{43365C4E-D9D3-4E6F-89BA-DE8E1AF3E139}.Release|x64.ActiveCfg = Release|x64
		{43365C4E-D9D3-4E6F-89BA-DE8E1AF3E139}.Release|x64.Build.0 = Release|x64
		{43365C4E-D9D3-4E6F-89BA-DE8E1AF3E139}.Release|x86.ActiveCfg = Release|Win32
		{43365C4E-D9D3-4E6F-89BA-DE8E1AF3E139}.Release|x86.Build.0 = Release|Win32
		{1A81FFB5-8E5A-4E34-912D-DE5841A47C23}.Debug|x64.ActiveCfg = Debug|x64
		{1A81FFB5-8E5A-4E34-912D-DE5841A47C23}.Debug|x64.Build.0 = Debug|x64
		{1A81FFB5-8E5A-4E34-912D-DE5841A47C23}.Debug|x86.ActiveCfg = Debug|Win32
		{1A81FFB5-8E5A-4E34-912D-DE5841A47C23}.Debug|x86.Build.0 = Debug|Win32
		{1A81FFB5-8E5A-4E34-912D-DE5841A47C23}.Release|x64.ActiveCfg = Release|x64
		{1A81FFB5-8E5A-4E34-912D-DE5841A47C23}.Release|x64.Build.0 = Release|x64
		{1A81FFB5-8E5A-4E34-912D-DE5841A47C23}.Release|x86.ActiveCfg = Release|Win32
		{1A81FFB5-8E5A-4E34-912D-DE5841A47C23}.Release|x86.Build.0 = Release|Win32
		{E55C475B-DAAF-4CE4-819A-3A75CFC7955B}.Debug|x64.ActiveCfg = Debug|x64
		{E55C475B-DAAF-4CE4-819A-3A75CFC7955B}.Debug|x64.Build.0 = Debug|x64
		{E55C475B-DAAF-4CE4-819A-3A75CFC7955B}.Debug|x86.ActiveCfg = Debug|Win32
		{E55C475B-DAAF-4CE4-819A-3A75CFC7955B}.Debug|x86.Build.0 = Debug|Win32
		{E55C475B-DAAF-4CE4-819A-3A75CFC7955B}.Release|x64.ActiveCfg = Release|x64
		{E55C475B-DAAF-4CE4-819A-3A75CFC7955B}.Release|x64.Build.0 = Release|x64
		{E55C475B-DAAF-4CE4-819A-3A75CFC7955B}.Release|x86.ActiveCfg = Release|Win32
		{E55C475B-DAAF-4CE4-819A-3A75CFC7955B}.Release|x86.Build.0 = Release|Win32
		{A5F43D2C-EA6D-42BE-B732-D819CE535B05}.Debug|x64.ActiveCfg = Debug|x64
		{A5F43D2C-EA6D-42BE-B732-D819CE535B05}.Debug|x64.Build.0 = Debug|x64
		{A5F43D2C-EA6D-42BE-B732-D819CE535B05}.Debug|x86.ActiveCfg = Debug|Win32
		{A5F43D2C-EA6D-42BE-B732-D819CE535B05}.Debug|x86.Build.0 = Debug|Win32
		{A5F43D2C-EA6D-42BE-B732-D819CE535B05}.Release|x64.ActiveCfg = Release|x64
		{A5F43D2C-EA6D-42BE-B732-D819CE535B05}.Release|x64.Build.0 = Release|x64
		{A5F43D2C-EA6D-42BE-B732-D819CE535B05}.Release|x86.ActiveCfg = Release|Win32
		{A5F43D2C-EA6D-42BE-B732-D819CE535B05}.Release|x86.Build.0 = Release|Win32
		{CF09A696-92AC-434F-B45B-CDDD50BE6F30}.Debug|x64.ActiveCfg = Debug|x64
		{CF09A696-92AC-434F-B45B-CDDD50BE6F30}.Debug|x64.Build.0 = Debug|x64
		{CF09A696-92AC-434F-B45B-CDDD50BE6F30}.Debug|x86.ActiveCfg = Debug|Win32
		{CF09A696-92AC-434F-B45B-CDDD50BE6F30}.Debug|x86.Build.0 = Debug|Win32
		{CF09A696-92AC-434F-B45B-CDDD50BE6F30}.Release|x64.ActiveCfg = Release|x64
		{CF09A696-92AC-434F-B45B-CDDD50BE6F30}.Release|x64.Build.0 = Release|x64
		{CF09A696-92AC-434F-B45B-CDDD50BE6F30}.Release|x86.ActiveCfg = Release|Win32
		{CF09A696-92AC-434F-B45B-CDDD50BE6F30}.Release|x86.Build.0 = Release|Win32
		{B301C5E3-D4DA-40B8-A4AA-2C180DF98626}.Debug|x64.ActiveCfg = Debug|x64
		{B301C5E3-D4DA-40B8-A4AA-2C180DF98626}.Debug|x64.Build.0 = Debug|x64
		{B301C5E3-D4DA-40B8-A4AA-2C180DF98626}.Debug|x86.ActiveCfg = Debug|Win32
		{B301C5E3-D4DA-40B8-A4AA-2C180DF98626}.Debug|x86.Build.0 = Debug|Win32
		{B301C5E3-D4DA-40B8-A4AA-2C180DF98626}.Release|x64.ActiveCfg = Release|x64
		{B301C5E3-D4DA-40B8-A4AA-2C180DF98626}.Release|x64.Build.0 = Release|x64
		{B301C5E3-D4DA-40B8-A4AA-2C180DF98626}.Release|x86.ActiveCfg = Release|Win32
		{B301C5E3-D4DA-40B8-A4AA-2C180DF98626}.Release|x86.Build.0 = Release|Win32
		{613246A0-D732-4D9E-9167-1A948638CF80}.Debug|x64.ActiveCfg = Debug|x64
		{613246A0-D732-4D9E-9167-1A948638CF80}.Debug|x64.Build.0 = Debug|x64
		{613246A0-D732-4D9E-9167-1A948638CF80}.Debug|x86.ActiveCfg = Debug|Win32
		{613246A0-D732-4D9E-9167-1A948638CF80}.Debug|x86.Build.0 = Debug|Win32
		{613246A0-D732-4D9E-9167-1A948638CF80}.Release|x64.ActiveCfg = Release|x64
		{613246A0-D732-4D9E-9167-1A948638CF80}.Release|x64.Build.0 = Release|x64
		{613246A0-D732-4D9E-9167-1A948638CF80}.Release|x86.ActiveCfg = Release|Win32
		{613246A0-D732-4D9E-9167-1A948638CF80}.Release|x86.Build.0 = Release|Win32
		{DD089915-571F-4EC3-B228-8499605E29B0}.Debug|x64.ActiveCfg = Debug|x64
		{DD089915-571F-4EC3-B228-8499605E29B0}.Debug|x64.Build.0 = Debug|x64
		{DD089915-571F-4EC3-B228-8499605E29B0}.Debug|x86.ActiveCfg = Debug|Win32
		{DD089915-571F-4EC3-B228-8499605E29B0}.Debug|x86.Build.0 = Debug|Win32
		{DD089915-571F-4EC3-B228-8499605E29B0}.Release|x64.ActiveCfg = Release|x64
		{DD089915-571F-4EC3-B228-8499605E29B0}.Release|x64.Build.0 = Release|x64
		{DD089915-571F-4EC3-B228-8499605E29B0}.Release|x86.ActiveCfg = Release|Win32
		{DD089915-571F-4EC3-B228-8499605E29B0}.Release|x86.Build.0 = Release|Win32
		{5193A5DC-9766-4818-83FD-EF90DD0D641E}.Debug|x64.ActiveCfg = Debug|x64
		{5193A5DC-9766-4818-83FD-EF90DD0D641E}.Debug|x64.Build.0 = Debug|x64
		{5193A5DC-9766-4818-83FD-EF90DD0D641E}.Debug|x86.ActiveCfg = Debug|Win32
		{5193A5DC-9766-4818-83FD-EF90DD0D641E}.Debug|x86.Build.0 = Debug|Win32
		{5193A5DC-9766-4818-83FD-EF90DD0D641E}.Release|x64.ActiveCfg = Release|x64
		{5193A5DC-9766-4818-83FD-EF90DD0D641E}.Release|x64.Build.0 = Release|x64
		{5193A5DC-9766-4818-83FD-EF90DD0D641E}.Release|x86.ActiveCfg = Release|Win32
		{5193A5DC-9766-4818-83FD-EF90DD0D641E}.Release|x86.Build.0 = Release|Win32
	EndGlobalSection
	GlobalSection(SolutionProperties) = preSolution
		HideSolutionNode = FALSE
	EndGlobalSection
	GlobalSection(ExtensibilityGlobals) = postSolution
		SolutionGuid = {AD4D2050-1C96-4915-809B-DBF90C727CF8}
	EndGlobalSection
EndGlobal
